# THIS IS AN AUTOGENERATED FILE. DO NOT EDIT THIS FILE DIRECTLY.
# yarn lockfile v1


"@types/node@*":
  version "18.15.11"
  resolved "https://registry.npmjs.org/@types/node/-/node-18.15.11.tgz"
  integrity sha512-E5Kwq2n4SbMzQOn6wnmBjuK9ouqlURrcZDVfbo9ftDDTFt3nk7ZKK4GMOzoYgnpQJKcxwQw+lGaBvvlMo0qN/Q==

"@types/qrcode@^1.5.0":
  version "1.5.0"
  resolved "https://registry.npmjs.org/@types/qrcode/-/qrcode-1.5.0.tgz"
  integrity sha512-x5ilHXRxUPIMfjtM+1vf/GPTRWZ81nqscursm5gMznJeK9M0YnZ1c3bEvRLQ0zSSgedLx1J6MGL231ObQGGhaA==
  dependencies:
    "@types/node" "*"

aws-cdk@^2.77.0:
  version "2.77.0"
  resolved "https://registry.npmjs.org/aws-cdk/-/aws-cdk-2.77.0.tgz"
  integrity sha512-f0UpWjBxrFkINqlwL50OpIIC03V39hTzg4+NEBlfUc/ftFX8WQQYyT6h29IfxT9Tgo+YoEMlM1nnH/s1c+VKSw==
  optionalDependencies:
    fsevents "2.3.2"

reflect-metadata@^0.1.13:
  version "0.1.13"
  resolved "https://registry.npmjs.org/reflect-metadata/-/reflect-metadata-0.1.13.tgz"
  integrity sha512-Ts1Y/anZELhSsjMcU605fU9RE4Oi3p5ORujwbIKXfWa+0Zxs510Qrmrce5/Jowq3cHSZSJqBjypxmHarc+vEWg==
